
Microsoft Visual Studio Solution File, Format Version 12.00
# Visual Studio Version 17
VisualStudioVersion = 17.7.34221.43
MinimumVisualStudioVersion = 10.0.40219.1
Project("{FAE04EC0-301F-11D3-BF4B-00C04F79EFBC}") = "OOP TEST", "OOP TEST\OOP TEST.csproj", "{CC06CDC3-FD8E-4444-A918-0855B0BACAEC}"
EndProject
Global
	GlobalSection(SolutionConfigurationPlatforms) = preSolution
		Debug|Any CPU = Debug|Any CPU
		Release|Any CPU = Release|Any CPU
	EndGlobalSection
	GlobalSection(ProjectConfigurationPlatforms) = postSolution
		{CC06CDC3-FD8E-4444-A918-0855B0BACAEC}.Debug|Any CPU.ActiveCfg = Debug|Any CPU
		{CC06CDC3-FD8E-4444-A918-0855B0BACAEC}.Debug|Any CPU.Build.0 = Debug|Any CPU
		{CC06CDC3-FD8E-4444-A918-0855B0BACAEC}.Release|Any CPU.ActiveCfg = Release|Any CPU
		{CC06CDC3-FD8E-4444-A918-0855B0BACAEC}.Release|Any CPU.Build.0 = Release|Any CPU
	EndGlobalSection
	GlobalSection(SolutionProperties) = preSolution
		HideSolutionNode = FALSE
	EndGlobalSection
	GlobalSection(ExtensibilityGlobals) = postSolution
		SolutionGuid = {6B15042A-3CCF-4455-8808-648C425006C3}
	EndGlobalSection
EndGlobal
